// !$*UTF8*$!
{
	archiveVersion = 1;
	classes = {
	};
	objectVersion = 46;
	objects = {

/* Begin PBXBuildFile section */
		371419B11DB4300200995E78 /* main.m in Sources */ = {isa = PBXBuildFile; fileRef = 371419B01DB4300200995E78 /* main.m */; };
		371419B41DB4300200995E78 /* AppDelegate.m in Sources */ = {isa = PBXBuildFile; fileRef = 371419B31DB4300200995E78 /* AppDelegate.m */; };
		371419B71DB4300200995E78 /* ViewController.m in Sources */ = {isa = PBXBuildFile; fileRef = 371419B61DB4300200995E78 /* ViewController.m */; };
		371419BA1DB4300200995E78 /* Main.storyboard in Resources */ = {isa = PBXBuildFile; fileRef = 371419B81DB4300200995E78 /* Main.storyboard */; };
		371419BC1DB4300200995E78 /* Assets.xcassets in Resources */ = {isa = PBXBuildFile; fileRef = 371419BB1DB4300200995E78 /* Assets.xcassets */; };
		371419BF1DB4300200995E78 /* LaunchScreen.storyboard in Resources */ = {isa = PBXBuildFile; fileRef = 371419BD1DB4300200995E78 /* LaunchScreen.storyboard */; };
		371419CD1DB4303A00995E78 /* HUD.framework in Frameworks */ = {isa = PBXBuildFile; fileRef = 371419CB1DB4300D00995E78 /* HUD.framework */; };
		371419CE1DB4303A00995E78 /* HUD.framework in Embed Frameworks */ = {isa = PBXBuildFile; fileRef = 371419CB1DB4300D00995E78 /* HUD.framework */; settings = {ATTRIBUTES = (CodeSignOnCopy, RemoveHeadersOnCopy, ); }; };
		375C554B1DC18A9A0099DD96 /* Configuration.plist in Resources */ = {isa = PBXBuildFile; fileRef = 375C554A1DC18A9A0099DD96 /* Configuration.plist */; };
/* End PBXBuildFile section */

/* Begin PBXContainerItemProxy section */
		371419CA1DB4300D00995E78 /* PBXContainerItemProxy */ = {
			isa = PBXContainerItemProxy;
			containerPortal = 371419C61DB4300D00995E78 /* Framework.xcodeproj */;
			proxyType = 2;
			remoteGlobalIDString = 371419891DB42B1700995E78;
			remoteInfo = HUD;
		};
		371419CF1DB4303A00995E78 /* PBXContainerItemProxy */ = {
			isa = PBXContainerItemProxy;
			containerPortal = 371419C61DB4300D00995E78 /* Framework.xcodeproj */;
			proxyType = 1;
			remoteGlobalIDString = 371419881DB42B1700995E78;
			remoteInfo = HUD;
		};
/* End PBXContainerItemProxy section */

/* Begin PBXCopyFilesBuildPhase section */
		371419D11DB4303B00995E78 /* Embed Frameworks */ = {
			isa = PBXCopyFilesBuildPhase;
			buildActionMask = 2147483647;
			dstPath = "";
			dstSubfolderSpec = 10;
			files = (
				371419CE1DB4303A00995E78 /* HUD.framework in Embed Frameworks */,
			);
			name = "Embed Frameworks";
			runOnlyForDeploymentPostprocessing = 0;
		};
/* End PBXCopyFilesBuildPhase section */

/* Begin PBXFileReference section */
		371419AC1DB4300200995E78 /* App.app */ = {isa = PBXFileReference; explicitFileType = wrapper.application; includeInIndex = 0; path = App.app; sourceTree = BUILT_PRODUCTS_DIR; };
		371419B01DB4300200995E78 /* main.m */ = {isa = PBXFileReference; lastKnownFileType = sourcecode.c.objc; path = main.m; sourceTree = "<group>"; };
		371419B21DB4300200995E78 /* AppDelegate.h */ = {isa = PBXFileReference; lastKnownFileType = sourcecode.c.h; path = AppDelegate.h; sourceTree = "<group>"; };
		371419B31DB4300200995E78 /* AppDelegate.m */ = {isa = PBXFileReference; lastKnownFileType = sourcecode.c.objc; path = AppDelegate.m; sourceTree = "<group>"; };
		371419B51DB4300200995E78 /* ViewController.h */ = {isa = PBXFileReference; lastKnownFileType = sourcecode.c.h; path = ViewController.h; sourceTree = "<group>"; };
		371419B61DB4300200995E78 /* ViewController.m */ = {isa = PBXFileReference; lastKnownFileType = sourcecode.c.objc; path = ViewController.m; sourceTree = "<group>"; };
		371419B91DB4300200995E78 /* Base */ = {isa = PBXFileReference; lastKnownFileType = file.storyboard; name = Base; path = Base.lproj/Main.storyboard; sourceTree = "<group>"; };
		371419BB1DB4300200995E78 /* Assets.xcassets */ = {isa = PBXFileReference; lastKnownFileType = folder.assetcatalog; path = Assets.xcassets; sourceTree = "<group>"; };
		371419BE1DB4300200995E78 /* Base */ = {isa = PBXFileReference; lastKnownFileType = file.storyboard; name = Base; path = Base.lproj/LaunchScreen.storyboard; sourceTree = "<group>"; };
		371419C01DB4300200995E78 /* Info.plist */ = {isa = PBXFileReference; lastKnownFileType = text.plist.xml; path = Info.plist; sourceTree = "<group>"; };
		371419C61DB4300D00995E78 /* Framework.xcodeproj */ = {isa = PBXFileReference; lastKnownFileType = "wrapper.pb-project"; name = Framework.xcodeproj; path = ../Framework/Framework.xcodeproj; sourceTree = "<group>"; };
		375C554A1DC18A9A0099DD96 /* Configuration.plist */ = {isa = PBXFileReference; fileEncoding = 4; lastKnownFileType = text.plist.xml; path = Configuration.plist; sourceTree = "<group>"; };
/* End PBXFileReference section */

/* Begin PBXFrameworksBuildPhase section */
		371419A91DB4300200995E78 /* Frameworks */ = {
			isa = PBXFrameworksBuildPhase;
			buildActionMask = 2147483647;
			files = (
				371419CD1DB4303A00995E78 /* HUD.framework in Frameworks */,
			);
			runOnlyForDeploymentPostprocessing = 0;
		};
/* End PBXFrameworksBuildPhase section */

/* Begin PBXGroup section */
		371419A31DB4300200995E78 = {
			isa = PBXGroup;
			children = (
				371419C61DB4300D00995E78 /* Framework.xcodeproj */,
				371419AE1DB4300200995E78 /* App */,
				371419AD1DB4300200995E78 /* Products */,
			);
			sourceTree = "<group>";
		};
		371419AD1DB4300200995E78 /* Products */ = {
			isa = PBXGroup;
			children = (
				371419AC1DB4300200995E78 /* App.app */,
			);
			name = Products;
			sourceTree = "<group>";
		};
		371419AE1DB4300200995E78 /* App */ = {
			isa = PBXGroup;
			children = (
				371419B21DB4300200995E78 /* AppDelegate.h */,
				371419B31DB4300200995E78 /* AppDelegate.m */,
				371419B51DB4300200995E78 /* ViewController.h */,
				371419B61DB4300200995E78 /* ViewController.m */,
				375C554A1DC18A9A0099DD96 /* Configuration.plist */,
				371419B81DB4300200995E78 /* Main.storyboard */,
				371419BB1DB4300200995E78 /* Assets.xcassets */,
				371419BD1DB4300200995E78 /* LaunchScreen.storyboard */,
				371419C01DB4300200995E78 /* Info.plist */,
				371419AF1DB4300200995E78 /* Supporting Files */,
			);
			path = App;
			sourceTree = "<group>";
		};
		371419AF1DB4300200995E78 /* Supporting Files */ = {
			isa = PBXGroup;
			children = (
				371419B01DB4300200995E78 /* main.m */,
			);
			name = "Supporting Files";
			sourceTree = "<group>";
		};
		371419C71DB4300D00995E78 /* Products */ = {
			isa = PBXGroup;
			children = (
				371419CB1DB4300D00995E78 /* HUD.framework */,
			);
			name = Products;
			sourceTree = "<group>";
		};
/* End PBXGroup section */

/* Begin PBXNativeTarget section */
		371419AB1DB4300200995E78 /* App */ = {
			isa = PBXNativeTarget;
			buildConfigurationList = 371419C31DB4300200995E78 /* Build configuration list for PBXNativeTarget "App" */;
			buildPhases = (
				371419A81DB4300200995E78 /* Sources */,
				371419A91DB4300200995E78 /* Frameworks */,
				371419AA1DB4300200995E78 /* Resources */,
				371419D11DB4303B00995E78 /* Embed Frameworks */,
			);
			buildRules = (
			);
			dependencies = (
				371419D01DB4303A00995E78 /* PBXTargetDependency */,
			);
			name = App;
			productName = App;
			productReference = 371419AC1DB4300200995E78 /* App.app */;
			productType = "com.apple.product-type.application";
		};
/* End PBXNativeTarget section */

/* Begin PBXProject section */
		371419A41DB4300200995E78 /* Project object */ = {
			isa = PBXProject;
			attributes = {
				LastUpgradeCheck = 0800;
				ORGANIZATIONNAME = "Dan Kalinin";
				TargetAttributes = {
					371419AB1DB4300200995E78 = {
						CreatedOnToolsVersion = 8.0;
						ProvisioningStyle = Automatic;
					};
				};
			};
			buildConfigurationList = 371419A71DB4300200995E78 /* Build configuration list for PBXProject "App" */;
			compatibilityVersion = "Xcode 3.2";
			developmentRegion = English;
			hasScannedForEncodings = 0;
			knownRegions = (
				en,
				Base,
			);
			mainGroup = 371419A31DB4300200995E78;
			productRefGroup = 371419AD1DB4300200995E78 /* Products */;
			projectDirPath = "";
			projectReferences = (
				{
					ProductGroup = 371419C71DB4300D00995E78 /* Products */;
					ProjectRef = 371419C61DB4300D00995E78 /* Framework.xcodeproj */;
				},
			);
			projectRoot = "";
			targets = (
				371419AB1DB4300200995E78 /* App */,
			);
		};
/* End PBXProject section */

/* Begin PBXReferenceProxy section */
		371419CB1DB4300D00995E78 /* HUD.framework */ = {
			isa = PBXReferenceProxy;
			fileType = wrapper.framework;
			path = HUD.framework;
			remoteRef = 371419CA1DB4300D00995E78 /* PBXContainerItemProxy */;
			sourceTree = BUILT_PRODUCTS_DIR;
		};
/* End PBXReferenceProxy section */

/* Begin PBXResourcesBuildPhase section */
		371419AA1DB4300200995E78 /* Resources */ = {
			isa = PBXResourcesBuildPhase;
			buildActionMask = 2147483647;
			files = (
				371419BF1DB4300200995E78 /* LaunchScreen.storyboard in Resources */,
				375C554B1DC18A9A0099DD96 /* Configuration.plist in Resources */,
				371419BC1DB4300200995E78 /* Assets.xcassets in Resources */,
				371419BA1DB4300200995E78 /* Main.storyboard in Resources */,
			);
			runOnlyForDeploymentPostprocessing = 0;
		};
/* End PBXResourcesBuildPhase section */

/* Begin PBXSourcesBuildPhase section */
		371419A81DB4300200995E78 /* Sources */ = {
			isa = PBXSourcesBuildPhase;
			buildActionMask = 2147483647;
			files = (
				371419B71DB4300200995E78 /* ViewController.m in Sources */,
				371419B41DB4300200995E78 /* AppDelegate.m in Sources */,
				371419B11DB4300200995E78 /* main.m in Sources */,
			);
			runOnlyForDeploymentPostprocessing = 0;
		};
/* End PBXSourcesBuildPhase section */

/* Begin PBXTargetDependency section */
		371419D01DB4303A00995E78 /* PBXTargetDependency */ = {
			isa = PBXTargetDependency;
			name = HUD;
			targetProxy = 371419CF1DB4303A00995E78 /* PBXContainerItemProxy */;
		};
/* End PBXTargetDependency section */

/* Begin PBXVariantGroup section */
		371419B81DB4300200995E78 /* Main.storyboard */ = {
			isa = PBXVariantGroup;
			children = (
				371419B91DB4300200995E78 /* Base */,
			);
			name = Main.storyboard;
			sourceTree = "<group>";
		};
		371419BD1DB4300200995E78 /* LaunchScreen.storyboard */ = {
			isa = PBXVariantGroup;
			children = (
				371419BE1DB4300200995E78 /* Base */,
			);
			name = LaunchScreen.storyboard;
			sourceTree = "<group>";
		};
/* End PBXVariantGroup section */

/* Begin XCBuildConfiguration section */
		371419C11DB4300200995E78 /* Debug */ = {
			isa = XCBuildConfiguration;
			buildSettings = {
				ALWAYS_SEARCH_USER_PATHS = NO;
				CLANG_ANALYZER_NONNULL = YES;
				CLANG_CXX_LANGUAGE_STANDARD = "gnu++0x";
				CLANG_CXX_LIBRARY = "libc++";
				CLANG_ENABLE_MODULES = YES;
				CLANG_ENABLE_OBJC_ARC = YES;
				CLANG_WARN_BOOL_CONVERSION = YES;
				CLANG_WARN_CONSTANT_CONVERSION = YES;
				CLANG_WARN_DIRECT_OBJC_ISA_USAGE = YES_ERROR;
				CLANG_WARN_DOCUMENTATION_COMMENTS = YES;
				CLANG_WARN_EMPTY_BODY = YES;
				CLANG_WARN_ENUM_CONVERSION = YES;
				CLANG_WARN_INFINITE_RECURSION = YES;
				CLANG_WARN_INT_CONVERSION = YES;
				CLANG_WARN_OBJC_ROOT_CLASS = YES_ERROR;
				CLANG_WARN_SUSPICIOUS_MOVES = YES;
				CLANG_WARN_UNREACHABLE_CODE = YES;
				CLANG_WARN__DUPLICATE_METHOD_MATCH = YES;
				"CODE_SIGN_IDENTITY[sdk=iphoneos*]" = "iPhone Developer";
				COPY_PHASE_STRIP = NO;
				DEBUG_INFORMATION_FORMAT = dwarf;
				ENABLE_STRICT_OBJC_MSGSEND = YES;
				ENABLE_TESTABILITY = YES;
				GCC_C_LANGUAGE_STANDARD = gnu99;
				GCC_DYNAMIC_NO_PIC = NO;
				GCC_NO_COMMON_BLOCKS = YES;
				GCC_OPTIMIZATION_LEVEL = 0;
				GCC_PREPROCESSOR_DEFINITIONS = (
					"DEBUG=1",
					"$(inherited)",
				);
				GCC_WARN_64_TO_32_BIT_CONVERSION = YES;
				GCC_WARN_ABOUT_RETURN_TYPE = YES_ERROR;
				GCC_WARN_UNDECLARED_SELECTOR = YES;
				GCC_WARN_UNINITIALIZED_AUTOS = YES_AGGRESSIVE;
				GCC_WARN_UNUSED_FUNCTION = YES;
				GCC_WARN_UNUSED_VARIABLE = YES;
				IPHONEOS_DEPLOYMENT_TARGET = 10.0;
				MTL_ENABLE_DEBUG_INFO = YES;
				ONLY_ACTIVE_ARCH = YES;
				SDKROOT = iphoneos;
				TARGETED_DEVICE_FAMILY = "1,2";
			};
			name = Debug;
		};
		371419C21DB4300200995E78 /* Release */ = {
			isa = XCBuildConfiguration;
			buildSettings = {
				ALWAYS_SEARCH_USER_PATHS = NO;
				CLANG_ANALYZER_NONNULL = YES;
				CLANG_CXX_LANGUAGE_STANDARD = "gnu++0x";
				CLANG_CXX_LIBRARY = "libc++";
				CLANG_ENABLE_MODULES = YES;
				CLANG_ENABLE_OBJC_ARC = YES;
				CLANG_WARN_BOOL_CONVERSION = YES;
				CLANG_WARN_CONSTANT_CONVERSION = YES;
				CLANG_WARN_DIRECT_OBJC_ISA_USAGE = YES_ERROR;
				CLANG_WARN_DOCUMENTATION_COMMENTS = YES;
				CLANG_WARN_EMPTY_BODY = YES;
				CLANG_WARN_ENUM_CONVERSION = YES;
				CLANG_WARN_INFINITE_RECURSION = YES;
				CLANG_WARN_INT_CONVERSION = YES;
				CLANG_WARN_OBJC_ROOT_CLASS = YES_ERROR;
				CLANG_WARN_SUSPICIOUS_MOVES = YES;
				CLANG_WARN_UNREACHABLE_CODE = YES;
				CLANG_WARN__DUPLICATE_METHOD_MATCH = YES;
				"CODE_SIGN_IDENTITY[sdk=iphoneos*]" = "iPhone Developer";
				COPY_PHASE_STRIP = NO;
				DEBUG_INFORMATION_FORMAT = "dwarf-with-dsym";
				ENABLE_NS_ASSERTIONS = NO;
				ENABLE_STRICT_OBJC_MSGSEND = YES;
				GCC_C_LANGUAGE_STANDARD = gnu99;
				GCC_NO_COMMON_BLOCKS = YES;
				GCC_WARN_64_TO_32_BIT_CONVERSION = YES;
				GCC_WARN_ABOUT_RETURN_TYPE = YES_ERROR;
				GCC_WARN_UNDECLARED_SELECTOR = YES;
				GCC_WARN_UNINITIALIZED_AUTOS = YES_AGGRESSIVE;
				GCC_WARN_UNUSED_FUNCTION = YES;
				GCC_WARN_UNUSED_VARIABLE = YES;
				IPHONEOS_DEPLOYMENT_TARGET = 10.0;
				MTL_ENABLE_DEBUG_INFO = NO;
				SDKROOT = iphoneos;
				TARGETED_DEVICE_FAMILY = "1,2";
				VALIDATE_PRODUCT = YES;
			};
			name = Release;
		};
		371419C41DB4300200995E78 /* Debug */ = {
			isa = XCBuildConfiguration;
			buildSettings = {
				ASSETCATALOG_COMPILER_APPICON_NAME = AppIcon;
				INFOPLIST_FILE = App/Info.plist;
				LD_RUNPATH_SEARCH_PATHS = "$(inherited) @executable_path/Frameworks";
				PRODUCT_BUNDLE_IDENTIFIER = com.dk.HUDApp;
				PRODUCT_NAME = "$(TARGET_NAME)";
			};
			name = Debug;
		};
		371419C51DB4300200995E78 /* Release */ = {
			isa = XCBuildConfiguration;
			buildSettings = {
				ASSETCATALOG_COMPILER_APPICON_NAME = AppIcon;
				INFOPLIST_FILE = App/Info.plist;
				LD_RUNPATH_SEARCH_PATHS = "$(inherited) @executable_path/Frameworks";
				PRODUCT_BUNDLE_IDENTIFIER = com.dk.HUDApp;
				PRODUCT_NAME = "$(TARGET_NAME)";
			};
			name = Release;
		};
/* End XCBuildConfiguration section */

/* Begin XCConfigurationList section */
		371419A71DB4300200995E78 /* Build configuration list for PBXProject "App" */ = {
			isa = XCConfigurationList;
			buildConfigurations = (
				371419C11DB4300200995E78 /* Debug */,
				371419C21DB4300200995E78 /* Release */,
			);
			defaultConfigurationIsVisible = 0;
			defaultConfigurationName = Release;
		};
		371419C31DB4300200995E78 /* Build configuration list for PBXNativeTarget "App" */ = {
			isa = XCConfigurationList;
			buildConfigurations = (
				371419C41DB4300200995E78 /* Debug */,
				371419C51DB4300200995E78 /* Release */,
			);
			defaultConfigurationIsVisible = 0;
			defaultConfigurationName = Release;
		};
/* End XCConfigurationList section */
	};
	rootObject = 371419A41DB4300200995E78 /* Project object */;
}
